{
  "nodes": {
    "nixpkgs": {
      "locked": {
        "lastModified": 1688609058,
        "narHash": "sha256-ehzS5vsaEdTve4ivw33PZ1orDdQJxpdLbK1VQLcRxws=",
        "owner": "nixos",
        "repo": "nixpkgs",
        "rev": "15b5303444726346ee9d95bc890e8317c4f437b1",
        "type": "github"
      },
      "original": {
        "owner": "nixos",
        "ref": "release-23.05",
        "repo": "nixpkgs",
        "type": "github"
      }
    },
    "root": {
      "inputs": {
        "nixpkgs": "nixpkgs",
        "slimlock": "slimlock"
      }
    },
    "slimlock": {
      "inputs": {
        "nixpkgs": [
          "nixpkgs"
        ]
      },
      "locked": {
        "lastModified": 1688610262,
        "narHash": "sha256-Wg0ViDotFWGWqKIQzyYCgayeH8s4U1OZcTiWTQYdAp4=",
        "owner": "thomashoneyman",
        "repo": "slimlock",
        "rev": "b5c6cdcaf636ebbebd0a1f32520929394493f1a6",
        "type": "github"
      },
      "original": {
        "owner": "thomashoneyman",
        "repo": "slimlock",
        "type": "github"
      }
    }
  },
  "root": "root",
  "version": 7
}
