{
  "nodes": {
    "nixpkgs": {
      "locked": {
        "lastModified": 1686660328,
        "narHash": "sha256-l3OeGnWAMig1FckVOtIlqC6ei8gduHsZtQ7I1GHjZFc=",
        "owner": "nixos",
        "repo": "nixpkgs",
        "rev": "61b277bd3a2449b8a4e79034616c867a862b3b99",
        "type": "github"
      },
      "original": {
        "owner": "nixos",
        "ref": "release-23.05",
        "repo": "nixpkgs",
        "type": "github"
      }
    },
    "root": {
      "inputs": {
        "nixpkgs": "nixpkgs"
      }
    }
  },
  "root": "root",
  "version": 7
}
