{
  "name": "simple-ffi",
  "version": "1.0.0",
  "lockfileVersion": 3,
  "requires": true,
  "packages": {
    "": {
      "name": "simple-ffi",
      "version": "1.0.0",
      "dependencies": {
        "leftpad": "0.0.1",
        "spdx-expression-parse": "^3.0.1"
      }
    },
    "node_modules/leftpad": {
      "version": "0.0.1",
      "resolved": "https://registry.npmjs.org/leftpad/-/leftpad-0.0.1.tgz",
      "integrity": "sha512-kBAuxBQJlJ85LDc+SnGSX6gWJnJR9Qk4lbgXmz/qPfCOCieCk7BgoN3YvzoNr5BUjqxQDOQxawJJvXXd6c+6Mg==",
      "deprecated": "Use the built-in String.padStart function instead"
    },
    "node_modules/spdx-exceptions": {
      "version": "2.3.0",
      "resolved": "https://registry.npmjs.org/spdx-exceptions/-/spdx-exceptions-2.3.0.tgz",
      "integrity": "sha512-/tTrYOC7PPI1nUAgx34hUpqXuyJG+DTHJTnIULG4rDygi4xu/tfgmq1e1cIRwRzwZgo4NLySi+ricLkZkw4i5A=="
    },
    "node_modules/spdx-expression-parse": {
      "version": "3.0.1",
      "resolved": "https://registry.npmjs.org/spdx-expression-parse/-/spdx-expression-parse-3.0.1.tgz",
      "integrity": "sha512-cbqHunsQWnJNE6KhVSMsMeH5H/L9EpymbzqTQ3uLwNCLZ1Q481oWaofqH7nO6V07xlXwY6PhQdQ2IedWx/ZK4Q==",
      "dependencies": {
        "spdx-exceptions": "^2.1.0",
        "spdx-license-ids": "^3.0.0"
      }
    },
    "node_modules/spdx-license-ids": {
      "version": "3.0.13",
      "resolved": "https://registry.npmjs.org/spdx-license-ids/-/spdx-license-ids-3.0.13.tgz",
      "integrity": "sha512-XkD+zwiqXHikFZm4AX/7JSCXA98U5Db4AFd5XUg/+9UNtnH75+Z9KxtpYiJZx36mUDVOwH83pl7yvCer6ewM3w=="
    }
  }
}
