workspace:
  packages:
    simple-ffi:
      path: ./
      dependencies:
        - console
        - effect
        - prelude
      test_dependencies: []
  extra_packages: {}
packages:
  console:
    type: registry
    version: 6.0.0
    integrity: sha256-gJpJ53fCDAL8BiCiJXH0HNAJ9K3gJtLo8GDaCK6hA5U=
    dependencies:
      - effect
      - prelude
  effect:
    type: registry
    version: 4.0.0
    integrity: sha256-eBtZu+HZcMa5HilvI6kaDyVX3ji8p0W9MGKy2K4T6+M=
    dependencies:
      - prelude
  prelude:
    type: registry
    version: 6.0.1
    integrity: sha256-o8p6SLYmVPqzXZhQFd2hGAWEwBoXl1swxLG/scpJ0V0=
    dependencies: []
