workspace:
  packages:
    app:
      path: app
      dependencies:
        - aff
        - argparse-basic
        - console
        - effect
        - lib
        - node-process
      test_dependencies: []
    lib:
      path: lib
      dependencies:
        - argonaut-core
        - codec-argonaut
        - effect
        - prelude
        - registry-lib
      test_dependencies:
        - spec
  package_set:
    registry: 24.4.0
  extra_packages:
    registry-foreign:
      git: https://github.com/purescript/registry-dev.git
      ref: master
      subdir: foreign
    registry-lib:
      git: https://github.com/purescript/registry-dev.git
      ref: master
      subdir: lib
packages:
  aff:
    type: registry
    version: 7.1.0
    integrity: sha256-7hOC6uQO9XBAI5FD8F33ChLjFAiZVfd4BJMqlMh7TNU=
    dependencies:
      - arrays
      - bifunctors
      - control
      - datetime
      - effect
      - either
      - exceptions
      - foldable-traversable
      - functions
      - maybe
      - newtype
      - parallel
      - prelude
      - refs
      - tailrec
      - transformers
      - unsafe-coerce
  ansi:
    type: registry
    version: 7.0.0
    integrity: sha256-ZMB6HD+q9CXvn9fRCmJ8dvuDrOVHcjombL3oNOerVnE=
    dependencies:
      - foldable-traversable
      - lists
      - strings
  argonaut-core:
    type: registry
    version: 7.0.0
    integrity: sha256-RC82GfAjItydxrO24cdX373KHVZiLqybu19b5X8u7B4=
    dependencies:
      - arrays
      - control
      - either
      - foreign-object
      - functions
      - gen
      - maybe
      - nonempty
      - prelude
      - strings
      - tailrec
  argparse-basic:
    type: registry
    version: 2.0.0
    integrity: sha256-3Pp8MDfRL2oeBdfxXIUVJBdhGniaahw2UOG4QmHPm58=
    dependencies:
      - arrays
      - bifunctors
      - control
      - either
      - foldable-traversable
      - integers
      - lists
      - maybe
      - newtype
      - numbers
      - prelude
      - record
      - strings
      - tuples
      - unfoldable
  arraybuffer-types:
    type: registry
    version: 3.0.2
    integrity: sha256-mQKokysYVkooS4uXbO+yovmV/s8b138Ws3zQvOwIHRA=
    dependencies: []
  arrays:
    type: registry
    version: 7.2.0
    integrity: sha256-vjd5tY1VFIg3HGBUFqG9+tWXqkV3EHRqZCzE+JC2yR0=
    dependencies:
      - bifunctors
      - control
      - foldable-traversable
      - maybe
      - nonempty
      - partial
      - prelude
      - safe-coerce
      - st
      - tailrec
      - tuples
      - unfoldable
      - unsafe-coerce
  avar:
    type: registry
    version: 5.0.0
    integrity: sha256-e7hf0x4hEpcygXP0LtvfvAQ49Bbj2aWtZT3gqM///0A=
    dependencies:
      - aff
      - effect
      - either
      - exceptions
      - functions
      - maybe
  bifunctors:
    type: registry
    version: 6.0.0
    integrity: sha256-/gZwC9YhNxZNQpnHa5BIYerCGM2jeX9ukZiEvYxm5Nw=
    dependencies:
      - const
      - either
      - newtype
      - prelude
      - tuples
  catenable-lists:
    type: registry
    version: 7.0.0
    integrity: sha256-76vYENhwF4BWTBsjeLuErCH2jqVT4M3R1HX+4RwSftA=
    dependencies:
      - control
      - foldable-traversable
      - lists
      - maybe
      - prelude
      - tuples
      - unfoldable
  codec:
    type: registry
    version: 6.0.0
    integrity: sha256-VLG7Ii38xmeT5UGH98xBFiWp1YnFZim/iMg+aQz2RB8=
    dependencies:
      - bifunctors
      - profunctor
  codec-argonaut:
    type: registry
    version: 10.0.0
    integrity: sha256-n80U8KiBk333qfQwDobSZWiyNg9BA3CL/EwFznIdRwI=
    dependencies:
      - argonaut-core
      - codec
      - foreign-object
      - ordered-collections
      - type-equality
      - variant
  console:
    type: registry
    version: 6.0.0
    integrity: sha256-gJpJ53fCDAL8BiCiJXH0HNAJ9K3gJtLo8GDaCK6hA5U=
    dependencies:
      - effect
      - prelude
  const:
    type: registry
    version: 6.0.0
    integrity: sha256-tNrxDW8D8H4jdHE2HiPzpLy08zkzJMmGHdRqt5BQuTc=
    dependencies:
      - invariant
      - newtype
      - prelude
  contravariant:
    type: registry
    version: 6.0.0
    integrity: sha256-TP+ooAp3vvmdjfQsQJSichF5B4BPDHp3wAJoWchip6c=
    dependencies:
      - const
      - either
      - newtype
      - prelude
      - tuples
  control:
    type: registry
    version: 6.0.0
    integrity: sha256-sH7Pg9E96JCPF9PIA6oQ8+BjTyO/BH1ZuE/bOcyj4Jk=
    dependencies:
      - newtype
      - prelude
  datetime:
    type: registry
    version: 6.1.0
    integrity: sha256-g/5X5BBegQWLpI9IWD+sY6mcaYpzzlW5lz5NBzaMtyI=
    dependencies:
      - bifunctors
      - control
      - either
      - enums
      - foldable-traversable
      - functions
      - gen
      - integers
      - lists
      - maybe
      - newtype
      - numbers
      - ordered-collections
      - partial
      - prelude
      - tuples
  distributive:
    type: registry
    version: 6.0.0
    integrity: sha256-HTDdmEnzigMl+02SJB88j+gAXDx9VKsbvR4MJGDPbOQ=
    dependencies:
      - identity
      - newtype
      - prelude
      - tuples
      - type-equality
  effect:
    type: registry
    version: 4.0.0
    integrity: sha256-eBtZu+HZcMa5HilvI6kaDyVX3ji8p0W9MGKy2K4T6+M=
    dependencies:
      - prelude
  either:
    type: registry
    version: 6.1.0
    integrity: sha256-6hgTPisnMWVwQivOu2PKYcH8uqjEOOqDyaDQVUchTpY=
    dependencies:
      - control
      - invariant
      - maybe
      - prelude
  enums:
    type: registry
    version: 6.0.1
    integrity: sha256-HWaD73JFLorc4A6trKIRUeDMdzE+GpkJaEOM1nTNkC8=
    dependencies:
      - control
      - either
      - gen
      - maybe
      - newtype
      - nonempty
      - partial
      - prelude
      - tuples
      - unfoldable
  exceptions:
    type: registry
    version: 6.0.0
    integrity: sha256-y/xTAEIZIARCE+50/u1di0ncebJ+CIwNOLswyOWzMTw=
    dependencies:
      - effect
      - either
      - maybe
      - prelude
  exists:
    type: registry
    version: 6.0.0
    integrity: sha256-A0JQHpTfo1dNOj9U5/Fd3xndlRSE0g2IQWOGor2yXn8=
    dependencies:
      - unsafe-coerce
  fixed-points:
    type: registry
    version: 7.0.0
    integrity: sha256-hTl5fzeG4mzAOFzEzAeNH7kJvJgYCH7x3v2NdX9pOE4=
    dependencies:
      - exists
      - newtype
      - prelude
      - transformers
  foldable-traversable:
    type: registry
    version: 6.0.0
    integrity: sha256-fLeqRYM4jUrZD5H4WqcwUgzU7XfYkzO4zhgtNc3jcWM=
    dependencies:
      - bifunctors
      - const
      - control
      - either
      - functors
      - identity
      - maybe
      - newtype
      - orders
      - prelude
      - tuples
  foreign:
    type: registry
    version: 7.0.0
    integrity: sha256-1ORiqoS3HW+qfwSZAppHPWy4/6AQysxZ2t29jcdUMNA=
    dependencies:
      - either
      - functions
      - identity
      - integers
      - lists
      - maybe
      - prelude
      - strings
      - transformers
  foreign-object:
    type: registry
    version: 4.1.0
    integrity: sha256-q24okj6mT+yGHYQ+ei/pYPj5ih6sTbu7eDv/WU56JVo=
    dependencies:
      - arrays
      - foldable-traversable
      - functions
      - gen
      - lists
      - maybe
      - prelude
      - st
      - tailrec
      - tuples
      - typelevel-prelude
      - unfoldable
  fork:
    type: registry
    version: 6.0.0
    integrity: sha256-X7u0SuCvFbLbzuNEKLBNuWjmcroqMqit4xEzpQwAP7E=
    dependencies:
      - aff
  formatters:
    type: registry
    version: 7.0.0
    integrity: sha256-5JaC9d2p0xoqJWjWxlHH19R4iJwFTBr4j7SlYcLgicE=
    dependencies:
      - datetime
      - fixed-points
      - lists
      - numbers
      - parsing
      - prelude
      - transformers
  free:
    type: registry
    version: 7.0.0
    integrity: sha256-72auTIZAG6fhz4F94rxyDwgfnHwp+/89rujZpZWrV0w=
    dependencies:
      - catenable-lists
      - control
      - distributive
      - either
      - exists
      - foldable-traversable
      - invariant
      - lazy
      - maybe
      - prelude
      - tailrec
      - transformers
      - tuples
      - unsafe-coerce
  functions:
    type: registry
    version: 6.0.0
    integrity: sha256-adMyJNEnhGde2unHHAP79gPtlNjNqzgLB8arEOn9hLI=
    dependencies:
      - prelude
  functors:
    type: registry
    version: 5.0.0
    integrity: sha256-zfPWWYisbD84MqwpJSZFlvM6v86McM68ob8p9s27ywU=
    dependencies:
      - bifunctors
      - const
      - contravariant
      - control
      - distributive
      - either
      - invariant
      - maybe
      - newtype
      - prelude
      - profunctor
      - tuples
      - unsafe-coerce
  gen:
    type: registry
    version: 4.0.0
    integrity: sha256-f7yzAXWwr+xnaqEOcvyO3ezKdoes8+WXWdXIHDBCAPI=
    dependencies:
      - either
      - foldable-traversable
      - identity
      - maybe
      - newtype
      - nonempty
      - prelude
      - tailrec
      - tuples
      - unfoldable
  graphs:
    type: registry
    version: 8.1.0
    integrity: sha256-mLOuNSMB/kHUBEIV+pePLc1Exo5z/WmT3BHmGIGlxQw=
    dependencies:
      - catenable-lists
      - ordered-collections
  identity:
    type: registry
    version: 6.0.0
    integrity: sha256-4wY0XZbAksjY6UAg99WkuKyJlQlWAfTi2ssadH0wVMY=
    dependencies:
      - control
      - invariant
      - newtype
      - prelude
  integers:
    type: registry
    version: 6.0.0
    integrity: sha256-sf+sK26R1hzwl3NhXR7WAu9zCDjQnfoXwcyGoseX158=
    dependencies:
      - maybe
      - numbers
      - prelude
  invariant:
    type: registry
    version: 6.0.0
    integrity: sha256-RGWWyYrz0Hs1KjPDA+87Kia67ZFBhfJ5lMGOMCEFoLo=
    dependencies:
      - control
      - prelude
  js-date:
    type: registry
    version: 8.0.0
    integrity: sha256-6TVF4DWg5JL+jRAsoMssYw8rgOVALMUHT1CuNZt8NRo=
    dependencies:
      - datetime
      - effect
      - exceptions
      - foreign
      - integers
      - now
  language-cst-parser:
    type: registry
    version: 0.13.0
    integrity: sha256-8eeW0hs+PQR+suxqbz5tfbsrcbmonQY3o3IsWobcfi0=
    dependencies:
      - arrays
      - console
      - const
      - control
      - effect
      - either
      - enums
      - foldable-traversable
      - free
      - functions
      - functors
      - identity
      - integers
      - lazy
      - lists
      - maybe
      - newtype
      - node-process
      - numbers
      - ordered-collections
      - partial
      - prelude
      - st
      - strings
      - transformers
      - tuples
      - typelevel-prelude
      - unfoldable
      - unsafe-coerce
  lazy:
    type: registry
    version: 6.0.0
    integrity: sha256-lMsfFOnlqfe4KzRRiW8ot5ge6HtcU3Eyh2XkXcP5IgU=
    dependencies:
      - control
      - foldable-traversable
      - invariant
      - prelude
  lists:
    type: registry
    version: 7.0.0
    integrity: sha256-EKF15qYqucuXP2lT/xPxhqy58f0FFT6KHdIB/yBOayI=
    dependencies:
      - bifunctors
      - control
      - foldable-traversable
      - lazy
      - maybe
      - newtype
      - nonempty
      - partial
      - prelude
      - tailrec
      - tuples
      - unfoldable
  maybe:
    type: registry
    version: 6.0.0
    integrity: sha256-5cCIb0wPwbat2PRkQhUeZO0jcAmf8jCt2qE0wbC3v2Q=
    dependencies:
      - control
      - invariant
      - newtype
      - prelude
  mmorph:
    type: registry
    version: 7.0.0
    integrity: sha256-urZlZNNqGeQFe5D/ClHlR8QgGBNHTMFPtJ5S5IpflTQ=
    dependencies:
      - free
      - functors
      - transformers
  newtype:
    type: registry
    version: 5.0.0
    integrity: sha256-gdrQu8oGe9eZE6L3wOI8ql/igOg+zEGB5ITh2g+uttw=
    dependencies:
      - prelude
      - safe-coerce
  node-buffer:
    type: registry
    version: 8.0.0
    integrity: sha256-RwOTB8yTS4Jjqc55JqxRcVaMXP+cYJ5aww0XH1Z/I8A=
    dependencies:
      - arraybuffer-types
      - effect
      - maybe
      - st
      - unsafe-coerce
  node-fs:
    type: registry
    version: 8.2.0
    integrity: sha256-6X/8KFH5qAF15UDrMadoyAMZxd08bs9IF2XrVgvpH2I=
    dependencies:
      - datetime
      - effect
      - either
      - enums
      - exceptions
      - functions
      - integers
      - js-date
      - maybe
      - node-buffer
      - node-path
      - node-streams
      - nullable
      - partial
      - prelude
      - strings
      - unsafe-coerce
  node-fs-aff:
    type: registry
    version: 9.2.0
    integrity: sha256-usKEFrLY9zh8o3IP3bwc+jX7Zd4OOmhHvwLFZlxdN8U=
    dependencies:
      - aff
      - either
      - node-fs
      - node-path
  node-path:
    type: registry
    version: 5.0.0
    integrity: sha256-pd82nQ+2l5UThzaxPdKttgDt7xlsgIDLpPG0yxDEdyE=
    dependencies:
      - effect
  node-process:
    type: registry
    version: 10.0.0
    integrity: sha256-YzUqf7HWkGEQVRmkxUpL1x2GzKqKLyEyR7mkP68xcZs=
    dependencies:
      - effect
      - foreign-object
      - maybe
      - node-streams
      - posix-types
      - prelude
      - unsafe-coerce
  node-streams:
    type: registry
    version: 7.0.0
    integrity: sha256-EGCA+hp6chlxDlQ8UG3RIaIIL1R0OckKnqP+KPAX1y4=
    dependencies:
      - effect
      - either
      - exceptions
      - node-buffer
      - nullable
      - prelude
  nonempty:
    type: registry
    version: 7.0.0
    integrity: sha256-54ablJZUHGvvlTJzi3oXyPCuvY6zsrWJuH/dMJ/MFLs=
    dependencies:
      - control
      - foldable-traversable
      - maybe
      - prelude
      - tuples
      - unfoldable
  now:
    type: registry
    version: 6.0.0
    integrity: sha256-xZ7x37ZMREfs6GCDw/h+FaKHV/3sPWmtqBZRGTxybQY=
    dependencies:
      - datetime
      - effect
  nullable:
    type: registry
    version: 6.0.0
    integrity: sha256-yiGBVl3AD+Guy4kNWWeN+zl1gCiJK+oeIFtZtPCw4+o=
    dependencies:
      - effect
      - functions
      - maybe
  numbers:
    type: registry
    version: 9.0.1
    integrity: sha256-/9M6aeMDBdB4cwYDeJvLFprAHZ49EbtKQLIJsneXLIk=
    dependencies:
      - functions
      - maybe
  ordered-collections:
    type: registry
    version: 3.0.0
    integrity: sha256-R9WddNBRPkY37gw8XkDCLX2vJ5eI9qdaWDdCp61r2+M=
    dependencies:
      - arrays
      - foldable-traversable
      - gen
      - lists
      - maybe
      - partial
      - prelude
      - st
      - tailrec
      - tuples
      - unfoldable
  orders:
    type: registry
    version: 6.0.0
    integrity: sha256-nBA0g3/ai0euH8q9pSbGqk53W2q6agm/dECZTHcoink=
    dependencies:
      - newtype
      - prelude
  parallel:
    type: registry
    version: 6.0.0
    integrity: sha256-VJbkGD0rAKX+NUEeBJbYJ78bEKaZbgow+QwQEfPB6ko=
    dependencies:
      - control
      - effect
      - either
      - foldable-traversable
      - functors
      - maybe
      - newtype
      - prelude
      - profunctor
      - refs
      - transformers
  parsing:
    type: registry
    version: 10.2.0
    integrity: sha256-ZDIdMFAKkst57x6BVa1aUWJnS8smoZnXsZ339Aq1mPA=
    dependencies:
      - arrays
      - control
      - effect
      - either
      - enums
      - foldable-traversable
      - functions
      - identity
      - integers
      - lazy
      - lists
      - maybe
      - newtype
      - nullable
      - numbers
      - partial
      - prelude
      - st
      - strings
      - tailrec
      - transformers
      - tuples
      - unfoldable
      - unicode
      - unsafe-coerce
  partial:
    type: registry
    version: 4.0.0
    integrity: sha256-fwXerld6Xw1VkReh8yeQsdtLVrjfGiVuC5bA1Wyo/J4=
    dependencies: []
  pipes:
    type: registry
    version: 8.0.0
    integrity: sha256-kvfqGM4cPA/wCcBHbp5psouFw5dZGvku2462x7ZBwSY=
    dependencies:
      - aff
      - lists
      - mmorph
      - prelude
      - tailrec
      - transformers
      - tuples
  posix-types:
    type: registry
    version: 6.0.0
    integrity: sha256-ZfFz8RR1lee/o/Prccyeut3Q+9tYd08mlR72sIh6GzA=
    dependencies:
      - maybe
      - prelude
  prelude:
    type: registry
    version: 6.0.1
    integrity: sha256-o8p6SLYmVPqzXZhQFd2hGAWEwBoXl1swxLG/scpJ0V0=
    dependencies: []
  profunctor:
    type: registry
    version: 6.0.0
    integrity: sha256-99NzxFgTr4CGlCSRYG1kShL+JhYbihhHtbOk1/0R5zI=
    dependencies:
      - control
      - distributive
      - either
      - exists
      - invariant
      - newtype
      - prelude
      - tuples
  record:
    type: registry
    version: 4.0.0
    integrity: sha256-Za5U85bTRJEfGK5Sk4hM41oXy84YQI0I8TL3WUn1Qzg=
    dependencies:
      - functions
      - prelude
      - unsafe-coerce
  refs:
    type: registry
    version: 6.0.0
    integrity: sha256-Vgwne7jIbD3ZMoLNNETLT8Litw6lIYo3MfYNdtYWj9s=
    dependencies:
      - effect
      - prelude
  registry-lib:
    type: git
    url: https://github.com/purescript/registry-dev.git
    rev: 01e2067b54f0bf6c0c22d50a142c2abfabf4c7b5
    subdir: lib
    dependencies:
      - aff
      - argonaut-core
      - arrays
      - bifunctors
      - codec-argonaut
      - control
      - datetime
      - effect
      - either
      - foldable-traversable
      - foreign-object
      - formatters
      - functions
      - functors
      - graphs
      - integers
      - language-cst-parser
      - lists
      - maybe
      - newtype
      - node-buffer
      - node-fs
      - node-fs-aff
      - node-path
      - ordered-collections
      - parsing
      - partial
      - prelude
      - profunctor
      - safe-coerce
      - strings
      - transformers
      - tuples
  safe-coerce:
    type: registry
    version: 2.0.0
    integrity: sha256-a1ibQkiUcbODbLE/WAq7Ttbbh9ex+x33VCQ7GngKudU=
    dependencies:
      - unsafe-coerce
  spec:
    type: registry
    version: 7.3.0
    integrity: sha256-YmmRmlHmSHyAM8j5/QVHLgkMhtAkt2FXytVb5j/Zu0s=
    dependencies:
      - aff
      - ansi
      - arrays
      - avar
      - bifunctors
      - console
      - control
      - datetime
      - effect
      - either
      - exceptions
      - foldable-traversable
      - fork
      - identity
      - integers
      - lists
      - maybe
      - newtype
      - now
      - ordered-collections
      - parallel
      - pipes
      - prelude
      - strings
      - tailrec
      - transformers
      - tuples
  st:
    type: registry
    version: 6.2.0
    integrity: sha256-z9X0WsOUlPwNx9GlCC+YccCyz8MejC8Wb0C4+9fiBRY=
    dependencies:
      - partial
      - prelude
      - tailrec
      - unsafe-coerce
  strings:
    type: registry
    version: 6.0.1
    integrity: sha256-WssD3DbX4OPzxSdjvRMX0yvc9+pS7n5gyPv5I2Trb7k=
    dependencies:
      - arrays
      - control
      - either
      - enums
      - foldable-traversable
      - gen
      - integers
      - maybe
      - newtype
      - nonempty
      - partial
      - prelude
      - tailrec
      - tuples
      - unfoldable
      - unsafe-coerce
  tailrec:
    type: registry
    version: 6.1.0
    integrity: sha256-Xx19ECVDRrDWpz9D2GxQHHV89vd61dnXxQm0IcYQHGk=
    dependencies:
      - bifunctors
      - effect
      - either
      - identity
      - maybe
      - partial
      - prelude
      - refs
  transformers:
    type: registry
    version: 6.0.0
    integrity: sha256-Pzw40HjthX77tdPAYzjx43LK3X5Bb7ZspYAp27wksFA=
    dependencies:
      - control
      - distributive
      - effect
      - either
      - exceptions
      - foldable-traversable
      - identity
      - lazy
      - maybe
      - newtype
      - prelude
      - tailrec
      - tuples
      - unfoldable
  tuples:
    type: registry
    version: 7.0.0
    integrity: sha256-1rXgTomes9105BjgXqIw0FL6Fz1lqqUTLWOumhWec1M=
    dependencies:
      - control
      - invariant
      - prelude
  type-equality:
    type: registry
    version: 4.0.1
    integrity: sha256-Hs9D6Y71zFi/b+qu5NSbuadUQXe5iv5iWx0226vOHUw=
    dependencies: []
  typelevel-prelude:
    type: registry
    version: 7.0.0
    integrity: sha256-uFF2ph+vHcQpfPuPf2a3ukJDFmLhApmkpTMviHIWgJM=
    dependencies:
      - prelude
      - type-equality
  unfoldable:
    type: registry
    version: 6.0.0
    integrity: sha256-JtikvJdktRap7vr/K4ITlxUX1QexpnqBq0G/InLr6eg=
    dependencies:
      - foldable-traversable
      - maybe
      - partial
      - prelude
      - tuples
  unicode:
    type: registry
    version: 6.0.0
    integrity: sha256-QJnTVZpmihEAUiMeYrfkusVoziJWp2hJsgi9bMQLue8=
    dependencies:
      - foldable-traversable
      - maybe
      - strings
  unsafe-coerce:
    type: registry
    version: 6.0.0
    integrity: sha256-IqIYW4Vkevn8sI+6aUwRGvd87tVL36BBeOr0cGAE7t0=
    dependencies: []
  variant:
    type: registry
    version: 8.0.0
    integrity: sha256-SR//zQDg2dnbB8ZHslcxieUkCeNlbMToapvmh9onTtw=
    dependencies:
      - enums
      - lists
      - maybe
      - partial
      - prelude
      - record
      - tuples
      - unsafe-coerce
